
Microsoft Visual Studio Solution File, Format Version 12.00
# Visual Studio Version 17
VisualStudioVersion = 17.10.35013.160
MinimumVisualStudioVersion = 10.0.40219.1
Project("{8BC9CEB8-8B4A-11D0-8D11-00A0C91BC942}") = "Calculator", "Calculator.vcxproj", "{34E29D28-A8E1-47BF-9360-1370512E7955}"
EndProject
Global
	GlobalSection(SolutionConfigurationPlatforms) = preSolution
		Debug|x64 = Debug|x64
		Debug|x86 = Debug|x86
		Release|x64 = Release|x64
		Release|x86 = Release|x86
	EndGlobalSection
	GlobalSection(ProjectConfigurationPlatforms) = postSolution
		{34E29D28-A8E1-47BF-9360-1370512E7955}.Debug|x64.ActiveCfg = Debug|x64
		{34E29D28-A8E1-47BF-9360-1370512E7955}.Debug|x64.Build.0 = Debug|x64
		{34E29D28-A8E1-47BF-9360-1370512E7955}.Debug|x86.ActiveCfg = Debug|Win32
		{34E29D28-A8E1-47BF-9360-1370512E7955}.Debug|x86.Build.0 = Debug|Win32
		{34E29D28-A8E1-47BF-9360-1370512E7955}.Release|x64.ActiveCfg = Release|x64
		{34E29D28-A8E1-47BF-9360-1370512E7955}.Release|x64.Build.0 = Release|x64
		{34E29D28-A8E1-47BF-9360-1370512E7955}.Release|x86.ActiveCfg = Release|Win32
		{34E29D28-A8E1-47BF-9360-1370512E7955}.Release|x86.Build.0 = Release|Win32
	EndGlobalSection
	GlobalSection(SolutionProperties) = preSolution
		HideSolutionNode = FALSE
	EndGlobalSection
	GlobalSection(ExtensibilityGlobals) = postSolution
		SolutionGuid = {B5065AD4-AE3A-437B-B204-E94509D6A877}
	EndGlobalSection
EndGlobal
